# This file was autogenerated by Stack.
# You should not edit this file by hand.
# For more information, please see the documentation at:
#   https://docs.haskellstack.org/en/stable/lock_files

packages:
- completed:
    name: mira
    version: 2.0.0
    git: https://github.com/asr/mira.git
    pantry-tree:
      size: 2100
      sha256: 73890f3dc101302965b59924ab2994fdf528355de8f06ccbd494bcadac7af996
    commit: 2fa4eeb26d8553fede2ccf6c66d24201074da1ac
  original:
    git: https://github.com/asr/mira.git
    commit: 2fa4eeb26d8553fede2ccf6c66d24201074da1ac
snapshots:
- completed:
    size: 587126
    url: https://raw.githubusercontent.com/commercialhaskell/stackage-snapshots/master/lts/18/8.yaml
    sha256: 93a107557e8691ed5ca17beaee41e68222b142c48868fc8c04a4181fb233477d
  original: lts-18.8
